
Microsoft Visual Studio Solution File, Format Version 12.00
# Visual Studio Version 16
VisualStudioVersion = 16.0.30621.155
MinimumVisualStudioVersion = 10.0.40219.1
Project("{FAE04EC0-301F-11D3-BF4B-00C04F79EFBC}") = "ViewerWebsite", "ViewerWebsite\ViewerWebsite.csproj", "{B30E27F9-C6D4-45FF-83B8-BFEB4CB40208}"
EndProject
Project("{FAE04EC0-301F-11D3-BF4B-00C04F79EFBC}") = "JsonCreator", "JsonCreator\JsonCreator.csproj", "{FDE9D062-B1D9-4742-93AB-0AF369632B43}"
EndProject
Global
	GlobalSection(SolutionConfigurationPlatforms) = preSolution
		Debug|Any CPU = Debug|Any CPU
		Release|Any CPU = Release|Any CPU
	EndGlobalSection
	GlobalSection(ProjectConfigurationPlatforms) = postSolution
		{B30E27F9-C6D4-45FF-83B8-BFEB4CB40208}.Debug|Any CPU.ActiveCfg = Debug|Any CPU
		{B30E27F9-C6D4-45FF-83B8-BFEB4CB40208}.Debug|Any CPU.Build.0 = Debug|Any CPU
		{B30E27F9-C6D4-45FF-83B8-BFEB4CB40208}.Release|Any CPU.ActiveCfg = Release|Any CPU
		{B30E27F9-C6D4-45FF-83B8-BFEB4CB40208}.Release|Any CPU.Build.0 = Release|Any CPU
		{FDE9D062-B1D9-4742-93AB-0AF369632B43}.Debug|Any CPU.ActiveCfg = Debug|Any CPU
		{FDE9D062-B1D9-4742-93AB-0AF369632B43}.Debug|Any CPU.Build.0 = Debug|Any CPU
		{FDE9D062-B1D9-4742-93AB-0AF369632B43}.Release|Any CPU.ActiveCfg = Release|Any CPU
		{FDE9D062-B1D9-4742-93AB-0AF369632B43}.Release|Any CPU.Build.0 = Release|Any CPU
	EndGlobalSection
	GlobalSection(SolutionProperties) = preSolution
		HideSolutionNode = FALSE
	EndGlobalSection
	GlobalSection(ExtensibilityGlobals) = postSolution
		SolutionGuid = {65953E1D-7E0B-4FBE-B57F-1AF9851450D8}
	EndGlobalSection
EndGlobal
